
Microsoft Visual Studio Solution File, Format Version 12.00
# Visual Studio 2013
VisualStudioVersion = 12.0.40629.0
MinimumVisualStudioVersion = 10.0.40219.1
Project("{FAE04EC0-301F-11D3-BF4B-00C04F79EFBC}") = "TrumpSoftware.RemoteResourcesLibrary", "TrumpSoftware.RemoteResourcesLibrary\TrumpSoftware.RemoteResourcesLibrary.csproj", "{7D176D10-162B-4E78-9B1F-85723992D392}"
EndProject
Project("{2150E333-8FDC-42A3-9474-1A3956D46DE8}") = "TrumpSoftware.RemoteResourcesLibrary", "TrumpSoftware.RemoteResourcesLibrary", "{5623FB83-EFCC-4FF4-BF96-C83D03CFC768}"
EndProject
Project("{2150E333-8FDC-42A3-9474-1A3956D46DE8}") = ".nuget", ".nuget", "{96E82FE9-FCFB-45FF-8148-5E1C4C2095C4}"
	ProjectSection(SolutionItems) = preProject
		.nuget\NuGet.Config = .nuget\NuGet.Config
		.nuget\NuGet.exe = .nuget\NuGet.exe
		.nuget\NuGet.targets = .nuget\NuGet.targets
	EndProjectSection
EndProject
Project("{FAE04EC0-301F-11D3-BF4B-00C04F79EFBC}") = "TrumpSoftware.RemoteResourcesLibrary.IndexCreator", "TrumpSoftware.RemoteResourcesLibrary.IndexCreator\TrumpSoftware.RemoteResourcesLibrary.IndexCreator.csproj", "{61EC9F63-E6BA-482A-BF41-42E576ED3F35}"
EndProject
Project("{FAE04EC0-301F-11D3-BF4B-00C04F79EFBC}") = "TrumpSoftware.Common", "TrumpSoftware.Common\TrumpSoftware.Common.csproj", "{63E0F799-F0B6-4E21-8C5B-7A0A779F13C7}"
EndProject
Project("{FAE04EC0-301F-11D3-BF4B-00C04F79EFBC}") = "TrumpSoftware.Xaml", "TrumpSoftware.Xaml\TrumpSoftware.Xaml.csproj", "{6416B410-4C2D-4EBF-A497-9E484F422B6C}"
EndProject
Project("{FAE04EC0-301F-11D3-BF4B-00C04F79EFBC}") = "TrumpSoftware.Wpf", "TrumpSoftware.Wpf\TrumpSoftware.Wpf.csproj", "{DCF6E040-379E-4C4D-AB33-0C075E040355}"
EndProject
Project("{FAE04EC0-301F-11D3-BF4B-00C04F79EFBC}") = "TrumpSoftware.WinRT", "TrumpSoftware.WinRT\TrumpSoftware.WinRT.csproj", "{AC4BEF4D-5DBB-474F-B214-75AFB9B281D0}"
EndProject
Project("{2150E333-8FDC-42A3-9474-1A3956D46DE8}") = "Foundation", "Foundation", "{12DA78B5-4873-4BB2-A7E2-DE4BC820F156}"
EndProject
Project("{D954291E-2A0B-460D-934E-DC6B0785DB48}") = "TrumpSoftware.Shared", "TrumpSoftware.Shared\TrumpSoftware.Shared.shproj", "{BA9ED5FB-A6F4-4926-AD68-5E1BA53AA098}"
EndProject
Project("{FAE04EC0-301F-11D3-BF4B-00C04F79EFBC}") = "TrumpSoftware.RemoteResourcesLibrary.Test", "TrumpSoftware.RemoteResourcesLibrary.Test\TrumpSoftware.RemoteResourcesLibrary.Test.csproj", "{7B1EBD8B-5AE1-412E-8E46-AF202BB9F826}"
EndProject
Project("{FAE04EC0-301F-11D3-BF4B-00C04F79EFBC}") = "TrumpSoftware.DotNet", "TrumpSoftware.DotNet\TrumpSoftware.DotNet.csproj", "{255A56F8-FCC4-48A2-9B0E-C45E43702781}"
EndProject
Project("{2150E333-8FDC-42A3-9474-1A3956D46DE8}") = "Tests", "Tests", "{8C5EB67C-568D-47B0-BA03-4B67C076C741}"
EndProject
Project("{FAE04EC0-301F-11D3-BF4B-00C04F79EFBC}") = "TrumpSoftware.Common.Test", "TrumpSoftware.Common.Test\TrumpSoftware.Common.Test.csproj", "{998D31D3-0C75-445E-BBE2-FBA65B439DEB}"
EndProject
Project("{FAE04EC0-301F-11D3-BF4B-00C04F79EFBC}") = "TrumpSoftware.Wpf.Test", "TrumpSoftware.Wpf.Test\TrumpSoftware.Wpf.Test.csproj", "{B82CC90B-5746-4A60-9C15-E93985D9F464}"
EndProject
Global
	GlobalSection(SharedMSBuildProjectFiles) = preSolution
		TrumpSoftware.Shared\TrumpSoftware.Shared.projitems*{ac4bef4d-5dbb-474f-b214-75afb9b281d0}*SharedItemsImports = 4
		TrumpSoftware.Shared\TrumpSoftware.Shared.projitems*{dcf6e040-379e-4c4d-ab33-0c075e040355}*SharedItemsImports = 4
		TrumpSoftware.Shared\TrumpSoftware.Shared.projitems*{ba9ed5fb-a6f4-4926-ad68-5e1ba53aa098}*SharedItemsImports = 13
	EndGlobalSection
	GlobalSection(SolutionConfigurationPlatforms) = preSolution
		Debug|Any CPU = Debug|Any CPU
		Debug|ARM = Debug|ARM
		Debug|x64 = Debug|x64
		Debug|x86 = Debug|x86
		Release|Any CPU = Release|Any CPU
		Release|ARM = Release|ARM
		Release|x64 = Release|x64
		Release|x86 = Release|x86
	EndGlobalSection
	GlobalSection(ProjectConfigurationPlatforms) = postSolution
		{7D176D10-162B-4E78-9B1F-85723992D392}.Debug|Any CPU.ActiveCfg = Debug|Any CPU
		{7D176D10-162B-4E78-9B1F-85723992D392}.Debug|Any CPU.Build.0 = Debug|Any CPU
		{7D176D10-162B-4E78-9B1F-85723992D392}.Debug|ARM.ActiveCfg = Debug|Any CPU
		{7D176D10-162B-4E78-9B1F-85723992D392}.Debug|x64.ActiveCfg = Debug|Any CPU
		{7D176D10-162B-4E78-9B1F-85723992D392}.Debug|x86.ActiveCfg = Debug|Any CPU
		{7D176D10-162B-4E78-9B1F-85723992D392}.Release|Any CPU.ActiveCfg = Release|Any CPU
		{7D176D10-162B-4E78-9B1F-85723992D392}.Release|Any CPU.Build.0 = Release|Any CPU
		{7D176D10-162B-4E78-9B1F-85723992D392}.Release|ARM.ActiveCfg = Release|Any CPU
		{7D176D10-162B-4E78-9B1F-85723992D392}.Release|x64.ActiveCfg = Release|Any CPU
		{7D176D10-162B-4E78-9B1F-85723992D392}.Release|x86.ActiveCfg = Release|Any CPU
		{61EC9F63-E6BA-482A-BF41-42E576ED3F35}.Debug|Any CPU.ActiveCfg = Debug|Any CPU
		{61EC9F63-E6BA-482A-BF41-42E576ED3F35}.Debug|Any CPU.Build.0 = Debug|Any CPU
		{61EC9F63-E6BA-482A-BF41-42E576ED3F35}.Debug|ARM.ActiveCfg = Debug|Any CPU
		{61EC9F63-E6BA-482A-BF41-42E576ED3F35}.Debug|x64.ActiveCfg = Debug|Any CPU
		{61EC9F63-E6BA-482A-BF41-42E576ED3F35}.Debug|x86.ActiveCfg = Debug|Any CPU
		{61EC9F63-E6BA-482A-BF41-42E576ED3F35}.Release|Any CPU.ActiveCfg = Release|Any CPU
		{61EC9F63-E6BA-482A-BF41-42E576ED3F35}.Release|Any CPU.Build.0 = Release|Any CPU
		{61EC9F63-E6BA-482A-BF41-42E576ED3F35}.Release|ARM.ActiveCfg = Release|Any CPU
		{61EC9F63-E6BA-482A-BF41-42E576ED3F35}.Release|x64.ActiveCfg = Release|Any CPU
		{61EC9F63-E6BA-482A-BF41-42E576ED3F35}.Release|x86.ActiveCfg = Release|Any CPU
		{63E0F799-F0B6-4E21-8C5B-7A0A779F13C7}.Debug|Any CPU.ActiveCfg = Debug|Any CPU
		{63E0F799-F0B6-4E21-8C5B-7A0A779F13C7}.Debug|Any CPU.Build.0 = Debug|Any CPU
		{63E0F799-F0B6-4E21-8C5B-7A0A779F13C7}.Debug|ARM.ActiveCfg = Debug|Any CPU
		{63E0F799-F0B6-4E21-8C5B-7A0A779F13C7}.Debug|x64.ActiveCfg = Debug|Any CPU
		{63E0F799-F0B6-4E21-8C5B-7A0A779F13C7}.Debug|x86.ActiveCfg = Debug|Any CPU
		{63E0F799-F0B6-4E21-8C5B-7A0A779F13C7}.Release|Any CPU.ActiveCfg = Release|Any CPU
		{63E0F799-F0B6-4E21-8C5B-7A0A779F13C7}.Release|Any CPU.Build.0 = Release|Any CPU
		{63E0F799-F0B6-4E21-8C5B-7A0A779F13C7}.Release|ARM.ActiveCfg = Release|Any CPU
		{63E0F799-F0B6-4E21-8C5B-7A0A779F13C7}.Release|x64.ActiveCfg = Release|Any CPU
		{63E0F799-F0B6-4E21-8C5B-7A0A779F13C7}.Release|x86.ActiveCfg = Release|Any CPU
		{6416B410-4C2D-4EBF-A497-9E484F422B6C}.Debug|Any CPU.ActiveCfg = Debug|Any CPU
		{6416B410-4C2D-4EBF-A497-9E484F422B6C}.Debug|Any CPU.Build.0 = Debug|Any CPU
		{6416B410-4C2D-4EBF-A497-9E484F422B6C}.Debug|ARM.ActiveCfg = Debug|Any CPU
		{6416B410-4C2D-4EBF-A497-9E484F422B6C}.Debug|x64.ActiveCfg = Debug|Any CPU
		{6416B410-4C2D-4EBF-A497-9E484F422B6C}.Debug|x86.ActiveCfg = Debug|Any CPU
		{6416B410-4C2D-4EBF-A497-9E484F422B6C}.Release|Any CPU.ActiveCfg = Release|Any CPU
		{6416B410-4C2D-4EBF-A497-9E484F422B6C}.Release|Any CPU.Build.0 = Release|Any CPU
		{6416B410-4C2D-4EBF-A497-9E484F422B6C}.Release|ARM.ActiveCfg = Release|Any CPU
		{6416B410-4C2D-4EBF-A497-9E484F422B6C}.Release|x64.ActiveCfg = Release|Any CPU
		{6416B410-4C2D-4EBF-A497-9E484F422B6C}.Release|x86.ActiveCfg = Release|Any CPU
		{DCF6E040-379E-4C4D-AB33-0C075E040355}.Debug|Any CPU.ActiveCfg = Debug|Any CPU
		{DCF6E040-379E-4C4D-AB33-0C075E040355}.Debug|Any CPU.Build.0 = Debug|Any CPU
		{DCF6E040-379E-4C4D-AB33-0C075E040355}.Debug|ARM.ActiveCfg = Debug|Any CPU
		{DCF6E040-379E-4C4D-AB33-0C075E040355}.Debug|x64.ActiveCfg = Debug|Any CPU
		{DCF6E040-379E-4C4D-AB33-0C075E040355}.Debug|x86.ActiveCfg = Debug|Any CPU
		{DCF6E040-379E-4C4D-AB33-0C075E040355}.Release|Any CPU.ActiveCfg = Release|Any CPU
		{DCF6E040-379E-4C4D-AB33-0C075E040355}.Release|Any CPU.Build.0 = Release|Any CPU
		{DCF6E040-379E-4C4D-AB33-0C075E040355}.Release|ARM.ActiveCfg = Release|Any CPU
		{DCF6E040-379E-4C4D-AB33-0C075E040355}.Release|x64.ActiveCfg = Release|Any CPU
		{DCF6E040-379E-4C4D-AB33-0C075E040355}.Release|x86.ActiveCfg = Release|Any CPU
		{AC4BEF4D-5DBB-474F-B214-75AFB9B281D0}.Debug|Any CPU.ActiveCfg = Debug|Any CPU
		{AC4BEF4D-5DBB-474F-B214-75AFB9B281D0}.Debug|Any CPU.Build.0 = Debug|Any CPU
		{AC4BEF4D-5DBB-474F-B214-75AFB9B281D0}.Debug|ARM.ActiveCfg = Debug|Any CPU
		{AC4BEF4D-5DBB-474F-B214-75AFB9B281D0}.Debug|x64.ActiveCfg = Debug|Any CPU
		{AC4BEF4D-5DBB-474F-B214-75AFB9B281D0}.Debug|x86.ActiveCfg = Debug|Any CPU
		{AC4BEF4D-5DBB-474F-B214-75AFB9B281D0}.Release|Any CPU.ActiveCfg = Release|Any CPU
		{AC4BEF4D-5DBB-474F-B214-75AFB9B281D0}.Release|Any CPU.Build.0 = Release|Any CPU
		{AC4BEF4D-5DBB-474F-B214-75AFB9B281D0}.Release|ARM.ActiveCfg = Release|Any CPU
		{AC4BEF4D-5DBB-474F-B214-75AFB9B281D0}.Release|x64.ActiveCfg = Release|Any CPU
		{AC4BEF4D-5DBB-474F-B214-75AFB9B281D0}.Release|x86.ActiveCfg = Release|Any CPU
		{7B1EBD8B-5AE1-412E-8E46-AF202BB9F826}.Debug|Any CPU.ActiveCfg = Debug|Any CPU
		{7B1EBD8B-5AE1-412E-8E46-AF202BB9F826}.Debug|Any CPU.Build.0 = Debug|Any CPU
		{7B1EBD8B-5AE1-412E-8E46-AF202BB9F826}.Debug|Any CPU.Deploy.0 = Debug|Any CPU
		{7B1EBD8B-5AE1-412E-8E46-AF202BB9F826}.Debug|ARM.ActiveCfg = Debug|ARM
		{7B1EBD8B-5AE1-412E-8E46-AF202BB9F826}.Debug|ARM.Build.0 = Debug|ARM
		{7B1EBD8B-5AE1-412E-8E46-AF202BB9F826}.Debug|ARM.Deploy.0 = Debug|ARM
		{7B1EBD8B-5AE1-412E-8E46-AF202BB9F826}.Debug|x64.ActiveCfg = Debug|x64
		{7B1EBD8B-5AE1-412E-8E46-AF202BB9F826}.Debug|x64.Build.0 = Debug|x64
		{7B1EBD8B-5AE1-412E-8E46-AF202BB9F826}.Debug|x64.Deploy.0 = Debug|x64
		{7B1EBD8B-5AE1-412E-8E46-AF202BB9F826}.Debug|x86.ActiveCfg = Debug|x86
		{7B1EBD8B-5AE1-412E-8E46-AF202BB9F826}.Debug|x86.Build.0 = Debug|x86
		{7B1EBD8B-5AE1-412E-8E46-AF202BB9F826}.Debug|x86.Deploy.0 = Debug|x86
		{7B1EBD8B-5AE1-412E-8E46-AF202BB9F826}.Release|Any CPU.ActiveCfg = Release|Any CPU
		{7B1EBD8B-5AE1-412E-8E46-AF202BB9F826}.Release|Any CPU.Build.0 = Release|Any CPU
		{7B1EBD8B-5AE1-412E-8E46-AF202BB9F826}.Release|Any CPU.Deploy.0 = Release|Any CPU
		{7B1EBD8B-5AE1-412E-8E46-AF202BB9F826}.Release|ARM.ActiveCfg = Release|ARM
		{7B1EBD8B-5AE1-412E-8E46-AF202BB9F826}.Release|ARM.Build.0 = Release|ARM
		{7B1EBD8B-5AE1-412E-8E46-AF202BB9F826}.Release|ARM.Deploy.0 = Release|ARM
		{7B1EBD8B-5AE1-412E-8E46-AF202BB9F826}.Release|x64.ActiveCfg = Release|x64
		{7B1EBD8B-5AE1-412E-8E46-AF202BB9F826}.Release|x64.Build.0 = Release|x64
		{7B1EBD8B-5AE1-412E-8E46-AF202BB9F826}.Release|x64.Deploy.0 = Release|x64
		{7B1EBD8B-5AE1-412E-8E46-AF202BB9F826}.Release|x86.ActiveCfg = Release|x86
		{7B1EBD8B-5AE1-412E-8E46-AF202BB9F826}.Release|x86.Build.0 = Release|x86
		{7B1EBD8B-5AE1-412E-8E46-AF202BB9F826}.Release|x86.Deploy.0 = Release|x86
		{255A56F8-FCC4-48A2-9B0E-C45E43702781}.Debug|Any CPU.ActiveCfg = Debug|Any CPU
		{255A56F8-FCC4-48A2-9B0E-C45E43702781}.Debug|Any CPU.Build.0 = Debug|Any CPU
		{255A56F8-FCC4-48A2-9B0E-C45E43702781}.Debug|ARM.ActiveCfg = Debug|Any CPU
		{255A56F8-FCC4-48A2-9B0E-C45E43702781}.Debug|x64.ActiveCfg = Debug|Any CPU
		{255A56F8-FCC4-48A2-9B0E-C45E43702781}.Debug|x86.ActiveCfg = Debug|Any CPU
		{255A56F8-FCC4-48A2-9B0E-C45E43702781}.Release|Any CPU.ActiveCfg = Release|Any CPU
		{255A56F8-FCC4-48A2-9B0E-C45E43702781}.Release|Any CPU.Build.0 = Release|Any CPU
		{255A56F8-FCC4-48A2-9B0E-C45E43702781}.Release|ARM.ActiveCfg = Release|Any CPU
		{255A56F8-FCC4-48A2-9B0E-C45E43702781}.Release|x64.ActiveCfg = Release|Any CPU
		{255A56F8-FCC4-48A2-9B0E-C45E43702781}.Release|x86.ActiveCfg = Release|Any CPU
		{998D31D3-0C75-445E-BBE2-FBA65B439DEB}.Debug|Any CPU.ActiveCfg = Debug|Any CPU
		{998D31D3-0C75-445E-BBE2-FBA65B439DEB}.Debug|Any CPU.Build.0 = Debug|Any CPU
		{998D31D3-0C75-445E-BBE2-FBA65B439DEB}.Debug|ARM.ActiveCfg = Debug|Any CPU
		{998D31D3-0C75-445E-BBE2-FBA65B439DEB}.Debug|x64.ActiveCfg = Debug|Any CPU
		{998D31D3-0C75-445E-BBE2-FBA65B439DEB}.Debug|x86.ActiveCfg = Debug|Any CPU
		{998D31D3-0C75-445E-BBE2-FBA65B439DEB}.Release|Any CPU.ActiveCfg = Release|Any CPU
		{998D31D3-0C75-445E-BBE2-FBA65B439DEB}.Release|Any CPU.Build.0 = Release|Any CPU
		{998D31D3-0C75-445E-BBE2-FBA65B439DEB}.Release|ARM.ActiveCfg = Release|Any CPU
		{998D31D3-0C75-445E-BBE2-FBA65B439DEB}.Release|x64.ActiveCfg = Release|Any CPU
		{998D31D3-0C75-445E-BBE2-FBA65B439DEB}.Release|x86.ActiveCfg = Release|Any CPU
		{B82CC90B-5746-4A60-9C15-E93985D9F464}.Debug|Any CPU.ActiveCfg = Debug|Any CPU
		{B82CC90B-5746-4A60-9C15-E93985D9F464}.Debug|Any CPU.Build.0 = Debug|Any CPU
		{B82CC90B-5746-4A60-9C15-E93985D9F464}.Debug|ARM.ActiveCfg = Debug|Any CPU
		{B82CC90B-5746-4A60-9C15-E93985D9F464}.Debug|x64.ActiveCfg = Debug|Any CPU
		{B82CC90B-5746-4A60-9C15-E93985D9F464}.Debug|x86.ActiveCfg = Debug|Any CPU
		{B82CC90B-5746-4A60-9C15-E93985D9F464}.Release|Any CPU.ActiveCfg = Release|Any CPU
		{B82CC90B-5746-4A60-9C15-E93985D9F464}.Release|Any CPU.Build.0 = Release|Any CPU
		{B82CC90B-5746-4A60-9C15-E93985D9F464}.Release|ARM.ActiveCfg = Release|Any CPU
		{B82CC90B-5746-4A60-9C15-E93985D9F464}.Release|x64.ActiveCfg = Release|Any CPU
		{B82CC90B-5746-4A60-9C15-E93985D9F464}.Release|x86.ActiveCfg = Release|Any CPU
	EndGlobalSection
	GlobalSection(SolutionProperties) = preSolution
		HideSolutionNode = FALSE
	EndGlobalSection
	GlobalSection(NestedProjects) = preSolution
		{7D176D10-162B-4E78-9B1F-85723992D392} = {5623FB83-EFCC-4FF4-BF96-C83D03CFC768}
		{61EC9F63-E6BA-482A-BF41-42E576ED3F35} = {5623FB83-EFCC-4FF4-BF96-C83D03CFC768}
		{63E0F799-F0B6-4E21-8C5B-7A0A779F13C7} = {12DA78B5-4873-4BB2-A7E2-DE4BC820F156}
		{6416B410-4C2D-4EBF-A497-9E484F422B6C} = {12DA78B5-4873-4BB2-A7E2-DE4BC820F156}
		{DCF6E040-379E-4C4D-AB33-0C075E040355} = {12DA78B5-4873-4BB2-A7E2-DE4BC820F156}
		{AC4BEF4D-5DBB-474F-B214-75AFB9B281D0} = {12DA78B5-4873-4BB2-A7E2-DE4BC820F156}
		{BA9ED5FB-A6F4-4926-AD68-5E1BA53AA098} = {12DA78B5-4873-4BB2-A7E2-DE4BC820F156}
		{7B1EBD8B-5AE1-412E-8E46-AF202BB9F826} = {5623FB83-EFCC-4FF4-BF96-C83D03CFC768}
		{255A56F8-FCC4-48A2-9B0E-C45E43702781} = {12DA78B5-4873-4BB2-A7E2-DE4BC820F156}
		{998D31D3-0C75-445E-BBE2-FBA65B439DEB} = {8C5EB67C-568D-47B0-BA03-4B67C076C741}
		{B82CC90B-5746-4A60-9C15-E93985D9F464} = {8C5EB67C-568D-47B0-BA03-4B67C076C741}
	EndGlobalSection
EndGlobal
